
Microsoft Visual Studio Solution File, Format Version 12.00
# Visual Studio Version 16
VisualStudioVersion = 16.0.29306.81
MinimumVisualStudioVersion = 10.0.40219.1
Project("{FAE04EC0-301F-11D3-BF4B-00C04F79EFBC}") = "PoP3", "PoP3\PoP3.csproj", "{B5811730-69A1-4366-9D36-C693717C28AA}"
EndProject
Global
	GlobalSection(SolutionConfigurationPlatforms) = preSolution
		Debug|Any CPU = Debug|Any CPU
		Release|Any CPU = Release|Any CPU
	EndGlobalSection
	GlobalSection(ProjectConfigurationPlatforms) = postSolution
		{B5811730-69A1-4366-9D36-C693717C28AA}.Debug|Any CPU.ActiveCfg = Debug|Any CPU
		{B5811730-69A1-4366-9D36-C693717C28AA}.Debug|Any CPU.Build.0 = Debug|Any CPU
		{B5811730-69A1-4366-9D36-C693717C28AA}.Release|Any CPU.ActiveCfg = Release|Any CPU
		{B5811730-69A1-4366-9D36-C693717C28AA}.Release|Any CPU.Build.0 = Release|Any CPU
	EndGlobalSection
	GlobalSection(SolutionProperties) = preSolution
		HideSolutionNode = FALSE
	EndGlobalSection
	GlobalSection(ExtensibilityGlobals) = postSolution
		SolutionGuid = {9946D560-6818-44FE-9179-5DDDB89B6735}
	EndGlobalSection
EndGlobal
